// !$*UTF8*$!
{
	archiveVersion = 1;
	classes = {
	};
	objectVersion = 50;
	objects = {

/* Begin PBXBuildFile section */
		9B64F3EB2356BEDF00FD2837 /* AppDelegate.swift in Sources */ = {isa = PBXBuildFile; fileRef = 9B64F3EA2356BEDF00FD2837 /* AppDelegate.swift */; };
		9B64F3EF2356BEDF00FD2837 /* ViewController.swift in Sources */ = {isa = PBXBuildFile; fileRef = 9B64F3EE2356BEDF00FD2837 /* ViewController.swift */; };
		9B64F3F22356BEDF00FD2837 /* Main.storyboard in Resources */ = {isa = PBXBuildFile; fileRef = 9B64F3F02356BEDF00FD2837 /* Main.storyboard */; };
		9B64F3F42356BEE000FD2837 /* Assets.xcassets in Resources */ = {isa = PBXBuildFile; fileRef = 9B64F3F32356BEE000FD2837 /* Assets.xcassets */; };
		9B64F3F72356BEE000FD2837 /* LaunchScreen.storyboard in Resources */ = {isa = PBXBuildFile; fileRef = 9B64F3F52356BEE000FD2837 /* LaunchScreen.storyboard */; };
		9B64F4022356BEE000FD2837 /* TestAssignmentTests.swift in Sources */ = {isa = PBXBuildFile; fileRef = 9B64F4012356BEE000FD2837 /* TestAssignmentTests.swift */; };
		9B64F40D2356BEE000FD2837 /* TestAssignmentUITests.swift in Sources */ = {isa = PBXBuildFile; fileRef = 9B64F40C2356BEE000FD2837 /* TestAssignmentUITests.swift */; };
		9B64F41B2356C28200FD2837 /* SceneDelegate.swift in Sources */ = {isa = PBXBuildFile; fileRef = 9B64F41A2356C28200FD2837 /* SceneDelegate.swift */; };
		9B64F4202356C3E000FD2837 /* TriangleView.swift in Sources */ = {isa = PBXBuildFile; fileRef = 9B64F41F2356C3E000FD2837 /* TriangleView.swift */; };
		9B866E542356D7FD0034BD90 /* UIView+Helper.swift in Sources */ = {isa = PBXBuildFile; fileRef = 9B866E532356D7FD0034BD90 /* UIView+Helper.swift */; };
/* End PBXBuildFile section */

/* Begin PBXContainerItemProxy section */
		9B64F3FE2356BEE000FD2837 /* PBXContainerItemProxy */ = {
			isa = PBXContainerItemProxy;
			containerPortal = 9B64F3DF2356BEDF00FD2837 /* Project object */;
			proxyType = 1;
			remoteGlobalIDString = 9B64F3E62356BEDF00FD2837;
			remoteInfo = TestAssignment;
		};
		9B64F4092356BEE000FD2837 /* PBXContainerItemProxy */ = {
			isa = PBXContainerItemProxy;
			containerPortal = 9B64F3DF2356BEDF00FD2837 /* Project object */;
			proxyType = 1;
			remoteGlobalIDString = 9B64F3E62356BEDF00FD2837;
			remoteInfo = TestAssignment;
		};
/* End PBXContainerItemProxy section */

/* Begin PBXFileReference section */
		9B64F3E72356BEDF00FD2837 /* TestAssignment.app */ = {isa = PBXFileReference; explicitFileType = wrapper.application; includeInIndex = 0; path = TestAssignment.app; sourceTree = BUILT_PRODUCTS_DIR; };
		9B64F3EA2356BEDF00FD2837 /* AppDelegate.swift */ = {isa = PBXFileReference; lastKnownFileType = sourcecode.swift; path = AppDelegate.swift; sourceTree = "<group>"; };
		9B64F3EE2356BEDF00FD2837 /* ViewController.swift */ = {isa = PBXFileReference; lastKnownFileType = sourcecode.swift; path = ViewController.swift; sourceTree = "<group>"; };
		9B64F3F12356BEDF00FD2837 /* Base */ = {isa = PBXFileReference; lastKnownFileType = file.storyboard; name = Base; path = Base.lproj/Main.storyboard; sourceTree = "<group>"; };
		9B64F3F32356BEE000FD2837 /* Assets.xcassets */ = {isa = PBXFileReference; lastKnownFileType = folder.assetcatalog; path = Assets.xcassets; sourceTree = "<group>"; };
		9B64F3F62356BEE000FD2837 /* Base */ = {isa = PBXFileReference; lastKnownFileType = file.storyboard; name = Base; path = Base.lproj/LaunchScreen.storyboard; sourceTree = "<group>"; };
		9B64F3F82356BEE000FD2837 /* Info.plist */ = {isa = PBXFileReference; lastKnownFileType = text.plist.xml; path = Info.plist; sourceTree = "<group>"; };
		9B64F3FD2356BEE000FD2837 /* TestAssignmentTests.xctest */ = {isa = PBXFileReference; explicitFileType = wrapper.cfbundle; includeInIndex = 0; path = TestAssignmentTests.xctest; sourceTree = BUILT_PRODUCTS_DIR; };
		9B64F4012356BEE000FD2837 /* TestAssignmentTests.swift */ = {isa = PBXFileReference; lastKnownFileType = sourcecode.swift; path = TestAssignmentTests.swift; sourceTree = "<group>"; };
		9B64F4032356BEE000FD2837 /* Info.plist */ = {isa = PBXFileReference; lastKnownFileType = text.plist.xml; path = Info.plist; sourceTree = "<group>"; };
		9B64F4082356BEE000FD2837 /* TestAssignmentUITests.xctest */ = {isa = PBXFileReference; explicitFileType = wrapper.cfbundle; includeInIndex = 0; path = TestAssignmentUITests.xctest; sourceTree = BUILT_PRODUCTS_DIR; };
		9B64F40C2356BEE000FD2837 /* TestAssignmentUITests.swift */ = {isa = PBXFileReference; lastKnownFileType = sourcecode.swift; path = TestAssignmentUITests.swift; sourceTree = "<group>"; };
		9B64F40E2356BEE000FD2837 /* Info.plist */ = {isa = PBXFileReference; lastKnownFileType = text.plist.xml; path = Info.plist; sourceTree = "<group>"; };
		9B64F41A2356C28200FD2837 /* SceneDelegate.swift */ = {isa = PBXFileReference; fileEncoding = 4; lastKnownFileType = sourcecode.swift; path = SceneDelegate.swift; sourceTree = "<group>"; };
		9B64F41F2356C3E000FD2837 /* TriangleView.swift */ = {isa = PBXFileReference; lastKnownFileType = sourcecode.swift; path = TriangleView.swift; sourceTree = "<group>"; };
		9B866E532356D7FD0034BD90 /* UIView+Helper.swift */ = {isa = PBXFileReference; lastKnownFileType = sourcecode.swift; path = "UIView+Helper.swift"; sourceTree = "<group>"; };
/* End PBXFileReference section */

/* Begin PBXFrameworksBuildPhase section */
		9B64F3E42356BEDF00FD2837 /* Frameworks */ = {
			isa = PBXFrameworksBuildPhase;
			buildActionMask = 2147483647;
			files = (
			);
			runOnlyForDeploymentPostprocessing = 0;
		};
		9B64F3FA2356BEE000FD2837 /* Frameworks */ = {
			isa = PBXFrameworksBuildPhase;
			buildActionMask = 2147483647;
			files = (
			);
			runOnlyForDeploymentPostprocessing = 0;
		};
		9B64F4052356BEE000FD2837 /* Frameworks */ = {
			isa = PBXFrameworksBuildPhase;
			buildActionMask = 2147483647;
			files = (
			);
			runOnlyForDeploymentPostprocessing = 0;
		};
/* End PBXFrameworksBuildPhase section */

/* Begin PBXGroup section */
		9B64F3DE2356BEDF00FD2837 = {
			isa = PBXGroup;
			children = (
				9B64F3E92356BEDF00FD2837 /* TestAssignment */,
				9B64F4002356BEE000FD2837 /* TestAssignmentTests */,
				9B64F40B2356BEE000FD2837 /* TestAssignmentUITests */,
				9B64F3E82356BEDF00FD2837 /* Products */,
			);
			sourceTree = "<group>";
		};
		9B64F3E82356BEDF00FD2837 /* Products */ = {
			isa = PBXGroup;
			children = (
				9B64F3E72356BEDF00FD2837 /* TestAssignment.app */,
				9B64F3FD2356BEE000FD2837 /* TestAssignmentTests.xctest */,
				9B64F4082356BEE000FD2837 /* TestAssignmentUITests.xctest */,
			);
			name = Products;
			sourceTree = "<group>";
		};
		9B64F3E92356BEDF00FD2837 /* TestAssignment */ = {
			isa = PBXGroup;
			children = (
				9B866E502356D76F0034BD90 /* Utilities */,
				9B64F41C2356C39A00FD2837 /* Views */,
				9B64F3EA2356BEDF00FD2837 /* AppDelegate.swift */,
				9B64F3EE2356BEDF00FD2837 /* ViewController.swift */,
				9B64F41A2356C28200FD2837 /* SceneDelegate.swift */,
				9B64F3F02356BEDF00FD2837 /* Main.storyboard */,
				9B64F3F32356BEE000FD2837 /* Assets.xcassets */,
				9B64F3F52356BEE000FD2837 /* LaunchScreen.storyboard */,
				9B64F3F82356BEE000FD2837 /* Info.plist */,
			);
			path = TestAssignment;
			sourceTree = "<group>";
		};
		9B64F4002356BEE000FD2837 /* TestAssignmentTests */ = {
			isa = PBXGroup;
			children = (
				9B64F4012356BEE000FD2837 /* TestAssignmentTests.swift */,
				9B64F4032356BEE000FD2837 /* Info.plist */,
			);
			path = TestAssignmentTests;
			sourceTree = "<group>";
		};
		9B64F40B2356BEE000FD2837 /* TestAssignmentUITests */ = {
			isa = PBXGroup;
			children = (
				9B64F40C2356BEE000FD2837 /* TestAssignmentUITests.swift */,
				9B64F40E2356BEE000FD2837 /* Info.plist */,
			);
			path = TestAssignmentUITests;
			sourceTree = "<group>";
		};
		9B64F41C2356C39A00FD2837 /* Views */ = {
			isa = PBXGroup;
			children = (
				9B64F41F2356C3E000FD2837 /* TriangleView.swift */,
			);
			path = Views;
			sourceTree = "<group>";
		};
		9B866E502356D76F0034BD90 /* Utilities */ = {
			isa = PBXGroup;
			children = (
				9B866E532356D7FD0034BD90 /* UIView+Helper.swift */,
			);
			path = Utilities;
			sourceTree = "<group>";
		};
/* End PBXGroup section */

/* Begin PBXNativeTarget section */
		9B64F3E62356BEDF00FD2837 /* TestAssignment */ = {
			isa = PBXNativeTarget;
			buildConfigurationList = 9B64F4112356BEE000FD2837 /* Build configuration list for PBXNativeTarget "TestAssignment" */;
			buildPhases = (
				9B64F3E32356BEDF00FD2837 /* Sources */,
				9B64F3E42356BEDF00FD2837 /* Frameworks */,
				9B64F3E52356BEDF00FD2837 /* Resources */,
			);
			buildRules = (
			);
			dependencies = (
			);
			name = TestAssignment;
			productName = TestAssignment;
			productReference = 9B64F3E72356BEDF00FD2837 /* TestAssignment.app */;
			productType = "com.apple.product-type.application";
		};
		9B64F3FC2356BEE000FD2837 /* TestAssignmentTests */ = {
			isa = PBXNativeTarget;
			buildConfigurationList = 9B64F4142356BEE000FD2837 /* Build configuration list for PBXNativeTarget "TestAssignmentTests" */;
			buildPhases = (
				9B64F3F92356BEE000FD2837 /* Sources */,
				9B64F3FA2356BEE000FD2837 /* Frameworks */,
				9B64F3FB2356BEE000FD2837 /* Resources */,
			);
			buildRules = (
			);
			dependencies = (
				9B64F3FF2356BEE000FD2837 /* PBXTargetDependency */,
			);
			name = TestAssignmentTests;
			productName = TestAssignmentTests;
			productReference = 9B64F3FD2356BEE000FD2837 /* TestAssignmentTests.xctest */;
			productType = "com.apple.product-type.bundle.unit-test";
		};
		9B64F4072356BEE000FD2837 /* TestAssignmentUITests */ = {
			isa = PBXNativeTarget;
			buildConfigurationList = 9B64F4172356BEE000FD2837 /* Build configuration list for PBXNativeTarget "TestAssignmentUITests" */;
			buildPhases = (
				9B64F4042356BEE000FD2837 /* Sources */,
				9B64F4052356BEE000FD2837 /* Frameworks */,
				9B64F4062356BEE000FD2837 /* Resources */,
			);
			buildRules = (
			);
			dependencies = (
				9B64F40A2356BEE000FD2837 /* PBXTargetDependency */,
			);
			name = TestAssignmentUITests;
			productName = TestAssignmentUITests;
			productReference = 9B64F4082356BEE000FD2837 /* TestAssignmentUITests.xctest */;
			productType = "com.apple.product-type.bundle.ui-testing";
		};
/* End PBXNativeTarget section */

/* Begin PBXProject section */
		9B64F3DF2356BEDF00FD2837 /* Project object */ = {
			isa = PBXProject;
			attributes = {
				LastSwiftUpdateCheck = 1100;
				LastUpgradeCheck = 1100;
				ORGANIZATIONNAME = "Bao Nguyen";
				TargetAttributes = {
					9B64F3E62356BEDF00FD2837 = {
						CreatedOnToolsVersion = 11.0;
					};
					9B64F3FC2356BEE000FD2837 = {
						CreatedOnToolsVersion = 11.0;
						TestTargetID = 9B64F3E62356BEDF00FD2837;
					};
					9B64F4072356BEE000FD2837 = {
						CreatedOnToolsVersion = 11.0;
						TestTargetID = 9B64F3E62356BEDF00FD2837;
					};
				};
			};
			buildConfigurationList = 9B64F3E22356BEDF00FD2837 /* Build configuration list for PBXProject "TestAssignment" */;
			compatibilityVersion = "Xcode 9.3";
			developmentRegion = en;
			hasScannedForEncodings = 0;
			knownRegions = (
				en,
				Base,
			);
			mainGroup = 9B64F3DE2356BEDF00FD2837;
			productRefGroup = 9B64F3E82356BEDF00FD2837 /* Products */;
			projectDirPath = "";
			projectRoot = "";
			targets = (
				9B64F3E62356BEDF00FD2837 /* TestAssignment */,
				9B64F3FC2356BEE000FD2837 /* TestAssignmentTests */,
				9B64F4072356BEE000FD2837 /* TestAssignmentUITests */,
			);
		};
/* End PBXProject section */

/* Begin PBXResourcesBuildPhase section */
		9B64F3E52356BEDF00FD2837 /* Resources */ = {
			isa = PBXResourcesBuildPhase;
			buildActionMask = 2147483647;
			files = (
				9B64F3F72356BEE000FD2837 /* LaunchScreen.storyboard in Resources */,
				9B64F3F42356BEE000FD2837 /* Assets.xcassets in Resources */,
				9B64F3F22356BEDF00FD2837 /* Main.storyboard in Resources */,
			);
			runOnlyForDeploymentPostprocessing = 0;
		};
		9B64F3FB2356BEE000FD2837 /* Resources */ = {
			isa = PBXResourcesBuildPhase;
			buildActionMask = 2147483647;
			files = (
			);
			runOnlyForDeploymentPostprocessing = 0;
		};
		9B64F4062356BEE000FD2837 /* Resources */ = {
			isa = PBXResourcesBuildPhase;
			buildActionMask = 2147483647;
			files = (
			);
			runOnlyForDeploymentPostprocessing = 0;
		};
/* End PBXResourcesBuildPhase section */

/* Begin PBXSourcesBuildPhase section */
		9B64F3E32356BEDF00FD2837 /* Sources */ = {
			isa = PBXSourcesBuildPhase;
			buildActionMask = 2147483647;
			files = (
				9B64F3EF2356BEDF00FD2837 /* ViewController.swift in Sources */,
				9B64F3EB2356BEDF00FD2837 /* AppDelegate.swift in Sources */,
				9B64F4202356C3E000FD2837 /* TriangleView.swift in Sources */,
				9B64F41B2356C28200FD2837 /* SceneDelegate.swift in Sources */,
				9B866E542356D7FD0034BD90 /* UIView+Helper.swift in Sources */,
			);
			runOnlyForDeploymentPostprocessing = 0;
		};
		9B64F3F92356BEE000FD2837 /* Sources */ = {
			isa = PBXSourcesBuildPhase;
			buildActionMask = 2147483647;
			files = (
				9B64F4022356BEE000FD2837 /* TestAssignmentTests.swift in Sources */,
			);
			runOnlyForDeploymentPostprocessing = 0;
		};
		9B64F4042356BEE000FD2837 /* Sources */ = {
			isa = PBXSourcesBuildPhase;
			buildActionMask = 2147483647;
			files = (
				9B64F40D2356BEE000FD2837 /* TestAssignmentUITests.swift in Sources */,
			);
			runOnlyForDeploymentPostprocessing = 0;
		};
/* End PBXSourcesBuildPhase section */

/* Begin PBXTargetDependency section */
		9B64F3FF2356BEE000FD2837 /* PBXTargetDependency */ = {
			isa = PBXTargetDependency;
			target = 9B64F3E62356BEDF00FD2837 /* TestAssignment */;
			targetProxy = 9B64F3FE2356BEE000FD2837 /* PBXContainerItemProxy */;
		};
		9B64F40A2356BEE000FD2837 /* PBXTargetDependency */ = {
			isa = PBXTargetDependency;
			target = 9B64F3E62356BEDF00FD2837 /* TestAssignment */;
			targetProxy = 9B64F4092356BEE000FD2837 /* PBXContainerItemProxy */;
		};
/* End PBXTargetDependency section */

/* Begin PBXVariantGroup section */
		9B64F3F02356BEDF00FD2837 /* Main.storyboard */ = {
			isa = PBXVariantGroup;
			children = (
				9B64F3F12356BEDF00FD2837 /* Base */,
			);
			name = Main.storyboard;
			sourceTree = "<group>";
		};
		9B64F3F52356BEE000FD2837 /* LaunchScreen.storyboard */ = {
			isa = PBXVariantGroup;
			children = (
				9B64F3F62356BEE000FD2837 /* Base */,
			);
			name = LaunchScreen.storyboard;
			sourceTree = "<group>";
		};
/* End PBXVariantGroup section */

/* Begin XCBuildConfiguration section */
		9B64F40F2356BEE000FD2837 /* Debug */ = {
			isa = XCBuildConfiguration;
			buildSettings = {
				ALWAYS_SEARCH_USER_PATHS = NO;
				CLANG_ANALYZER_NONNULL = YES;
				CLANG_ANALYZER_NUMBER_OBJECT_CONVERSION = YES_AGGRESSIVE;
				CLANG_CXX_LANGUAGE_STANDARD = "gnu++14";
				CLANG_CXX_LIBRARY = "libc++";
				CLANG_ENABLE_MODULES = YES;
				CLANG_ENABLE_OBJC_ARC = YES;
				CLANG_ENABLE_OBJC_WEAK = YES;
				CLANG_WARN_BLOCK_CAPTURE_AUTORELEASING = YES;
				CLANG_WARN_BOOL_CONVERSION = YES;
				CLANG_WARN_COMMA = YES;
				CLANG_WARN_CONSTANT_CONVERSION = YES;
				CLANG_WARN_DEPRECATED_OBJC_IMPLEMENTATIONS = YES;
				CLANG_WARN_DIRECT_OBJC_ISA_USAGE = YES_ERROR;
				CLANG_WARN_DOCUMENTATION_COMMENTS = YES;
				CLANG_WARN_EMPTY_BODY = YES;
				CLANG_WARN_ENUM_CONVERSION = YES;
				CLANG_WARN_INFINITE_RECURSION = YES;
				CLANG_WARN_INT_CONVERSION = YES;
				CLANG_WARN_NON_LITERAL_NULL_CONVERSION = YES;
				CLANG_WARN_OBJC_IMPLICIT_RETAIN_SELF = YES;
				CLANG_WARN_OBJC_LITERAL_CONVERSION = YES;
				CLANG_WARN_OBJC_ROOT_CLASS = YES_ERROR;
				CLANG_WARN_RANGE_LOOP_ANALYSIS = YES;
				CLANG_WARN_STRICT_PROTOTYPES = YES;
				CLANG_WARN_SUSPICIOUS_MOVE = YES;
				CLANG_WARN_UNGUARDED_AVAILABILITY = YES_AGGRESSIVE;
				CLANG_WARN_UNREACHABLE_CODE = YES;
				CLANG_WARN__DUPLICATE_METHOD_MATCH = YES;
				COPY_PHASE_STRIP = NO;
				DEBUG_INFORMATION_FORMAT = dwarf;
				ENABLE_STRICT_OBJC_MSGSEND = YES;
				ENABLE_TESTABILITY = YES;
				GCC_C_LANGUAGE_STANDARD = gnu11;
				GCC_DYNAMIC_NO_PIC = NO;
				GCC_NO_COMMON_BLOCKS = YES;
				GCC_OPTIMIZATION_LEVEL = 0;
				GCC_PREPROCESSOR_DEFINITIONS = (
					"DEBUG=1",
					"$(inherited)",
				);
				GCC_WARN_64_TO_32_BIT_CONVERSION = YES;
				GCC_WARN_ABOUT_RETURN_TYPE = YES_ERROR;
				GCC_WARN_UNDECLARED_SELECTOR = YES;
				GCC_WARN_UNINITIALIZED_AUTOS = YES_AGGRESSIVE;
				GCC_WARN_UNUSED_FUNCTION = YES;
				GCC_WARN_UNUSED_VARIABLE = YES;
				IPHONEOS_DEPLOYMENT_TARGET = 13.0;
				MTL_ENABLE_DEBUG_INFO = INCLUDE_SOURCE;
				MTL_FAST_MATH = YES;
				ONLY_ACTIVE_ARCH = YES;
				SDKROOT = iphoneos;
				SWIFT_ACTIVE_COMPILATION_CONDITIONS = DEBUG;
				SWIFT_OPTIMIZATION_LEVEL = "-Onone";
			};
			name = Debug;
		};
		9B64F4102356BEE000FD2837 /* Release */ = {
			isa = XCBuildConfiguration;
			buildSettings = {
				ALWAYS_SEARCH_USER_PATHS = NO;
				CLANG_ANALYZER_NONNULL = YES;
				CLANG_ANALYZER_NUMBER_OBJECT_CONVERSION = YES_AGGRESSIVE;
				CLANG_CXX_LANGUAGE_STANDARD = "gnu++14";
				CLANG_CXX_LIBRARY = "libc++";
				CLANG_ENABLE_MODULES = YES;
				CLANG_ENABLE_OBJC_ARC = YES;
				CLANG_ENABLE_OBJC_WEAK = YES;
				CLANG_WARN_BLOCK_CAPTURE_AUTORELEASING = YES;
				CLANG_WARN_BOOL_CONVERSION = YES;
				CLANG_WARN_COMMA = YES;
				CLANG_WARN_CONSTANT_CONVERSION = YES;
				CLANG_WARN_DEPRECATED_OBJC_IMPLEMENTATIONS = YES;
				CLANG_WARN_DIRECT_OBJC_ISA_USAGE = YES_ERROR;
				CLANG_WARN_DOCUMENTATION_COMMENTS = YES;
				CLANG_WARN_EMPTY_BODY = YES;
				CLANG_WARN_ENUM_CONVERSION = YES;
				CLANG_WARN_INFINITE_RECURSION = YES;
				CLANG_WARN_INT_CONVERSION = YES;
				CLANG_WARN_NON_LITERAL_NULL_CONVERSION = YES;
				CLANG_WARN_OBJC_IMPLICIT_RETAIN_SELF = YES;
				CLANG_WARN_OBJC_LITERAL_CONVERSION = YES;
				CLANG_WARN_OBJC_ROOT_CLASS = YES_ERROR;
				CLANG_WARN_RANGE_LOOP_ANALYSIS = YES;
				CLANG_WARN_STRICT_PROTOTYPES = YES;
				CLANG_WARN_SUSPICIOUS_MOVE = YES;
				CLANG_WARN_UNGUARDED_AVAILABILITY = YES_AGGRESSIVE;
				CLANG_WARN_UNREACHABLE_CODE = YES;
				CLANG_WARN__DUPLICATE_METHOD_MATCH = YES;
				COPY_PHASE_STRIP = NO;
				DEBUG_INFORMATION_FORMAT = "dwarf-with-dsym";
				ENABLE_NS_ASSERTIONS = NO;
				ENABLE_STRICT_OBJC_MSGSEND = YES;
				GCC_C_LANGUAGE_STANDARD = gnu11;
				GCC_NO_COMMON_BLOCKS = YES;
				GCC_WARN_64_TO_32_BIT_CONVERSION = YES;
				GCC_WARN_ABOUT_RETURN_TYPE = YES_ERROR;
				GCC_WARN_UNDECLARED_SELECTOR = YES;
				GCC_WARN_UNINITIALIZED_AUTOS = YES_AGGRESSIVE;
				GCC_WARN_UNUSED_FUNCTION = YES;
				GCC_WARN_UNUSED_VARIABLE = YES;
				IPHONEOS_DEPLOYMENT_TARGET = 13.0;
				MTL_ENABLE_DEBUG_INFO = NO;
				MTL_FAST_MATH = YES;
				SDKROOT = iphoneos;
				SWIFT_COMPILATION_MODE = wholemodule;
				SWIFT_OPTIMIZATION_LEVEL = "-O";
				VALIDATE_PRODUCT = YES;
			};
			name = Release;
		};
		9B64F4122356BEE000FD2837 /* Debug */ = {
			isa = XCBuildConfiguration;
			buildSettings = {
				ASSETCATALOG_COMPILER_APPICON_NAME = AppIcon;
				CODE_SIGN_STYLE = Automatic;
				INFOPLIST_FILE = TestAssignment/Info.plist;
				IPHONEOS_DEPLOYMENT_TARGET = 10.0;
				LD_RUNPATH_SEARCH_PATHS = (
					"$(inherited)",
					"@executable_path/Frameworks",
				);
				PRODUCT_BUNDLE_IDENTIFIER = com.baon.TestAssignment;
				PRODUCT_NAME = "$(TARGET_NAME)";
				SWIFT_VERSION = 5.0;
				TARGETED_DEVICE_FAMILY = "1,2";
			};
			name = Debug;
		};
		9B64F4132356BEE000FD2837 /* Release */ = {
			isa = XCBuildConfiguration;
			buildSettings = {
				ASSETCATALOG_COMPILER_APPICON_NAME = AppIcon;
				CODE_SIGN_STYLE = Automatic;
				INFOPLIST_FILE = TestAssignment/Info.plist;
				IPHONEOS_DEPLOYMENT_TARGET = 10.0;
				LD_RUNPATH_SEARCH_PATHS = (
					"$(inherited)",
					"@executable_path/Frameworks",
				);
				PRODUCT_BUNDLE_IDENTIFIER = com.baon.TestAssignment;
				PRODUCT_NAME = "$(TARGET_NAME)";
				SWIFT_VERSION = 5.0;
				TARGETED_DEVICE_FAMILY = "1,2";
			};
			name = Release;
		};
		9B64F4152356BEE000FD2837 /* Debug */ = {
			isa = XCBuildConfiguration;
			buildSettings = {
				ALWAYS_EMBED_SWIFT_STANDARD_LIBRARIES = YES;
				BUNDLE_LOADER = "$(TEST_HOST)";
				CODE_SIGN_STYLE = Automatic;
				INFOPLIST_FILE = TestAssignmentTests/Info.plist;
				IPHONEOS_DEPLOYMENT_TARGET = 13.0;
				LD_RUNPATH_SEARCH_PATHS = (
					"$(inherited)",
					"@executable_path/Frameworks",
					"@loader_path/Frameworks",
				);
				PRODUCT_BUNDLE_IDENTIFIER = com.baon.TestAssignmentTests;
				PRODUCT_NAME = "$(TARGET_NAME)";
				SWIFT_VERSION = 5.0;
				TARGETED_DEVICE_FAMILY = "1,2";
				TEST_HOST = "$(BUILT_PRODUCTS_DIR)/TestAssignment.app/TestAssignment";
			};
			name = Debug;
		};
		9B64F4162356BEE000FD2837 /* Release */ = {
			isa = XCBuildConfiguration;
			buildSettings = {
				ALWAYS_EMBED_SWIFT_STANDARD_LIBRARIES = YES;
				BUNDLE_LOADER = "$(TEST_HOST)";
				CODE_SIGN_STYLE = Automatic;
				INFOPLIST_FILE = TestAssignmentTests/Info.plist;
				IPHONEOS_DEPLOYMENT_TARGET = 13.0;
				LD_RUNPATH_SEARCH_PATHS = (
					"$(inherited)",
					"@executable_path/Frameworks",
					"@loader_path/Frameworks",
				);
				PRODUCT_BUNDLE_IDENTIFIER = com.baon.TestAssignmentTests;
				PRODUCT_NAME = "$(TARGET_NAME)";
				SWIFT_VERSION = 5.0;
				TARGETED_DEVICE_FAMILY = "1,2";
				TEST_HOST = "$(BUILT_PRODUCTS_DIR)/TestAssignment.app/TestAssignment";
			};
			name = Release;
		};
		9B64F4182356BEE000FD2837 /* Debug */ = {
			isa = XCBuildConfiguration;
			buildSettings = {
				ALWAYS_EMBED_SWIFT_STANDARD_LIBRARIES = YES;
				CODE_SIGN_STYLE = Automatic;
				INFOPLIST_FILE = TestAssignmentUITests/Info.plist;
				LD_RUNPATH_SEARCH_PATHS = (
					"$(inherited)",
					"@executable_path/Frameworks",
					"@loader_path/Frameworks",
				);
				PRODUCT_BUNDLE_IDENTIFIER = com.baon.TestAssignmentUITests;
				PRODUCT_NAME = "$(TARGET_NAME)";
				SWIFT_VERSION = 5.0;
				TARGETED_DEVICE_FAMILY = "1,2";
				TEST_TARGET_NAME = TestAssignment;
			};
			name = Debug;
		};
		9B64F4192356BEE000FD2837 /* Release */ = {
			isa = XCBuildConfiguration;
			buildSettings = {
				ALWAYS_EMBED_SWIFT_STANDARD_LIBRARIES = YES;
				CODE_SIGN_STYLE = Automatic;
				INFOPLIST_FILE = TestAssignmentUITests/Info.plist;
				LD_RUNPATH_SEARCH_PATHS = (
					"$(inherited)",
					"@executable_path/Frameworks",
					"@loader_path/Frameworks",
				);
				PRODUCT_BUNDLE_IDENTIFIER = com.baon.TestAssignmentUITests;
				PRODUCT_NAME = "$(TARGET_NAME)";
				SWIFT_VERSION = 5.0;
				TARGETED_DEVICE_FAMILY = "1,2";
				TEST_TARGET_NAME = TestAssignment;
			};
			name = Release;
		};
/* End XCBuildConfiguration section */

/* Begin XCConfigurationList section */
		9B64F3E22356BEDF00FD2837 /* Build configuration list for PBXProject "TestAssignment" */ = {
			isa = XCConfigurationList;
			buildConfigurations = (
				9B64F40F2356BEE000FD2837 /* Debug */,
				9B64F4102356BEE000FD2837 /* Release */,
			);
			defaultConfigurationIsVisible = 0;
			defaultConfigurationName = Release;
		};
		9B64F4112356BEE000FD2837 /* Build configuration list for PBXNativeTarget "TestAssignment" */ = {
			isa = XCConfigurationList;
			buildConfigurations = (
				9B64F4122356BEE000FD2837 /* Debug */,
				9B64F4132356BEE000FD2837 /* Release */,
			);
			defaultConfigurationIsVisible = 0;
			defaultConfigurationName = Release;
		};
		9B64F4142356BEE000FD2837 /* Build configuration list for PBXNativeTarget "TestAssignmentTests" */ = {
			isa = XCConfigurationList;
			buildConfigurations = (
				9B64F4152356BEE000FD2837 /* Debug */,
				9B64F4162356BEE000FD2837 /* Release */,
			);
			defaultConfigurationIsVisible = 0;
			defaultConfigurationName = Release;
		};
		9B64F4172356BEE000FD2837 /* Build configuration list for PBXNativeTarget "TestAssignmentUITests" */ = {
			isa = XCConfigurationList;
			buildConfigurations = (
				9B64F4182356BEE000FD2837 /* Debug */,
				9B64F4192356BEE000FD2837 /* Release */,
			);
			defaultConfigurationIsVisible = 0;
			defaultConfigurationName = Release;
		};
/* End XCConfigurationList section */
	};
	rootObject = 9B64F3DF2356BEDF00FD2837 /* Project object */;
}
